
Microsoft Visual Studio Solution File, Format Version 12.00
# Visual Studio 15
Project("{FAE04EC0-301F-11D3-BF4B-00C04F79EFBC}") = "FizzBuzz", "FizzBuzz.csproj", "{4FD57B76-F5BF-4EFD-81A7-9CAC9119B4DD}"
EndProject
Global
	GlobalSection(SolutionConfigurationPlatforms) = preSolution
		Debug|Any CPU = Debug|Any CPU
		Release|Any CPU = Release|Any CPU
	EndGlobalSection
	GlobalSection(ProjectConfigurationPlatforms) = postSolution
		{4FD57B76-F5BF-4EFD-81A7-9CAC9119B4DD}.Debug|Any CPU.ActiveCfg = Debug|Any CPU
		{4FD57B76-F5BF-4EFD-81A7-9CAC9119B4DD}.Debug|Any CPU.Build.0 = Debug|Any CPU
		{4FD57B76-F5BF-4EFD-81A7-9CAC9119B4DD}.Release|Any CPU.ActiveCfg = Release|Any CPU
		{4FD57B76-F5BF-4EFD-81A7-9CAC9119B4DD}.Release|Any CPU.Build.0 = Release|Any CPU
	EndGlobalSection
EndGlobal
